
Microsoft Visual Studio Solution File, Format Version 12.00
# Visual Studio Version 16
VisualStudioVersion = 16.0.29409.12
MinimumVisualStudioVersion = 10.0.40219.1
Project("{6EC3EE1D-3C4E-46DD-8F32-0CC8E7565705}") = "DBFEG", "DBFEG\DBFEG.fsproj", "{C81DB87E-CE22-44F1-9F02-FEEDD99973D0}"
EndProject
Project("{6EC3EE1D-3C4E-46DD-8F32-0CC8E7565705}") = "DbFirstEntityGeneratorLib", "DbFirstEntityGeneratorLib\DbFirstEntityGeneratorLib.fsproj", "{A5E4EF85-5A6F-4C14-ADB2-342AEA038167}"
EndProject
Project("{6EC3EE1D-3C4E-46DD-8F32-0CC8E7565705}") = "Tests", "Tests\Tests.fsproj", "{CF6492C6-DDCF-40C4-A910-4C9F6CA66E0D}"
EndProject
Global
	GlobalSection(SolutionConfigurationPlatforms) = preSolution
		Debug|Any CPU = Debug|Any CPU
		Release|Any CPU = Release|Any CPU
	EndGlobalSection
	GlobalSection(ProjectConfigurationPlatforms) = postSolution
		{C81DB87E-CE22-44F1-9F02-FEEDD99973D0}.Debug|Any CPU.ActiveCfg = Debug|Any CPU
		{C81DB87E-CE22-44F1-9F02-FEEDD99973D0}.Debug|Any CPU.Build.0 = Debug|Any CPU
		{C81DB87E-CE22-44F1-9F02-FEEDD99973D0}.Release|Any CPU.ActiveCfg = Release|Any CPU
		{C81DB87E-CE22-44F1-9F02-FEEDD99973D0}.Release|Any CPU.Build.0 = Release|Any CPU
		{A5E4EF85-5A6F-4C14-ADB2-342AEA038167}.Debug|Any CPU.ActiveCfg = Debug|Any CPU
		{A5E4EF85-5A6F-4C14-ADB2-342AEA038167}.Debug|Any CPU.Build.0 = Debug|Any CPU
		{A5E4EF85-5A6F-4C14-ADB2-342AEA038167}.Release|Any CPU.ActiveCfg = Release|Any CPU
		{A5E4EF85-5A6F-4C14-ADB2-342AEA038167}.Release|Any CPU.Build.0 = Release|Any CPU
		{CF6492C6-DDCF-40C4-A910-4C9F6CA66E0D}.Debug|Any CPU.ActiveCfg = Debug|Any CPU
		{CF6492C6-DDCF-40C4-A910-4C9F6CA66E0D}.Debug|Any CPU.Build.0 = Debug|Any CPU
		{CF6492C6-DDCF-40C4-A910-4C9F6CA66E0D}.Release|Any CPU.ActiveCfg = Release|Any CPU
		{CF6492C6-DDCF-40C4-A910-4C9F6CA66E0D}.Release|Any CPU.Build.0 = Release|Any CPU
	EndGlobalSection
	GlobalSection(SolutionProperties) = preSolution
		HideSolutionNode = FALSE
	EndGlobalSection
	GlobalSection(ExtensibilityGlobals) = postSolution
		SolutionGuid = {E6C81394-2E97-4116-AB05-A352496F7BD3}
	EndGlobalSection
EndGlobal
